// !$*UTF8*$!
{
	archiveVersion = 1;
	classes = {
	};
	objectVersion = 46;
	objects = {

/* Begin PBXBuildFile section */
		D5028CCB1D33D71100CD03B3 /* AppDelegate.swift in Sources */ = {isa = PBXBuildFile; fileRef = D5028CCA1D33D71100CD03B3 /* AppDelegate.swift */; };
		D5028CCD1D33D71200CD03B3 /* ViewController.swift in Sources */ = {isa = PBXBuildFile; fileRef = D5028CCC1D33D71100CD03B3 /* ViewController.swift */; };
		D5028CD01D33D71200CD03B3 /* Main.storyboard in Resources */ = {isa = PBXBuildFile; fileRef = D5028CCE1D33D71200CD03B3 /* Main.storyboard */; };
		D5028CD21D33D71200CD03B3 /* Assets.xcassets in Resources */ = {isa = PBXBuildFile; fileRef = D5028CD11D33D71200CD03B3 /* Assets.xcassets */; };
		D5028CD51D33D71200CD03B3 /* LaunchScreen.storyboard in Resources */ = {isa = PBXBuildFile; fileRef = D5028CD31D33D71200CD03B3 /* LaunchScreen.storyboard */; };
		D5028CDF1D33EAC900CD03B3 /* polkaDots.jpeg in Resources */ = {isa = PBXBuildFile; fileRef = D5028CDE1D33EAC900CD03B3 /* polkaDots.jpeg */; };
/* End PBXBuildFile section */

/* Begin PBXFileReference section */
		D5028CC71D33D71100CD03B3 /* Rock Paper Scissors.app */ = {isa = PBXFileReference; explicitFileType = wrapper.application; includeInIndex = 0; path = "Rock Paper Scissors.app"; sourceTree = BUILT_PRODUCTS_DIR; };
		D5028CCA1D33D71100CD03B3 /* AppDelegate.swift */ = {isa = PBXFileReference; lastKnownFileType = sourcecode.swift; path = AppDelegate.swift; sourceTree = "<group>"; };
		D5028CCC1D33D71100CD03B3 /* ViewController.swift */ = {isa = PBXFileReference; lastKnownFileType = sourcecode.swift; path = ViewController.swift; sourceTree = "<group>"; };
		D5028CCF1D33D71200CD03B3 /* Base */ = {isa = PBXFileReference; lastKnownFileType = file.storyboard; name = Base; path = Base.lproj/Main.storyboard; sourceTree = "<group>"; };
		D5028CD11D33D71200CD03B3 /* Assets.xcassets */ = {isa = PBXFileReference; lastKnownFileType = folder.assetcatalog; path = Assets.xcassets; sourceTree = "<group>"; };
		D5028CD41D33D71200CD03B3 /* Base */ = {isa = PBXFileReference; lastKnownFileType = file.storyboard; name = Base; path = Base.lproj/LaunchScreen.storyboard; sourceTree = "<group>"; };
		D5028CD61D33D71200CD03B3 /* Info.plist */ = {isa = PBXFileReference; lastKnownFileType = text.plist.xml; path = Info.plist; sourceTree = "<group>"; };
		D5028CDE1D33EAC900CD03B3 /* polkaDots.jpeg */ = {isa = PBXFileReference; lastKnownFileType = image.jpeg; path = polkaDots.jpeg; sourceTree = "<group>"; };
/* End PBXFileReference section */

/* Begin PBXFrameworksBuildPhase section */
		D5028CC41D33D71100CD03B3 /* Frameworks */ = {
			isa = PBXFrameworksBuildPhase;
			buildActionMask = 2147483647;
			files = (
			);
			runOnlyForDeploymentPostprocessing = 0;
		};
/* End PBXFrameworksBuildPhase section */

/* Begin PBXGroup section */
		D5028CBE1D33D71100CD03B3 = {
			isa = PBXGroup;
			children = (
				D5028CC91D33D71100CD03B3 /* Rock Paper Scissors */,
				D5028CC81D33D71100CD03B3 /* Products */,
			);
			sourceTree = "<group>";
		};
		D5028CC81D33D71100CD03B3 /* Products */ = {
			isa = PBXGroup;
			children = (
				D5028CC71D33D71100CD03B3 /* Rock Paper Scissors.app */,
			);
			name = Products;
			sourceTree = "<group>";
		};
		D5028CC91D33D71100CD03B3 /* Rock Paper Scissors */ = {
			isa = PBXGroup;
			children = (
				D5028CCA1D33D71100CD03B3 /* AppDelegate.swift */,
				D5028CCC1D33D71100CD03B3 /* ViewController.swift */,
				D5028CCE1D33D71200CD03B3 /* Main.storyboard */,
				D5028CDE1D33EAC900CD03B3 /* polkaDots.jpeg */,
				D5028CD11D33D71200CD03B3 /* Assets.xcassets */,
				D5028CD31D33D71200CD03B3 /* LaunchScreen.storyboard */,
				D5028CD61D33D71200CD03B3 /* Info.plist */,
			);
			path = "Rock Paper Scissors";
			sourceTree = "<group>";
		};
/* End PBXGroup section */

/* Begin PBXNativeTarget section */
		D5028CC61D33D71100CD03B3 /* Rock Paper Scissors */ = {
			isa = PBXNativeTarget;
			buildConfigurationList = D5028CD91D33D71200CD03B3 /* Build configuration list for PBXNativeTarget "Rock Paper Scissors" */;
			buildPhases = (
				D5028CC31D33D71100CD03B3 /* Sources */,
				D5028CC41D33D71100CD03B3 /* Frameworks */,
				D5028CC51D33D71100CD03B3 /* Resources */,
			);
			buildRules = (
			);
			dependencies = (
			);
			name = "Rock Paper Scissors";
			productName = "Rock Paper Scissors";
			productReference = D5028CC71D33D71100CD03B3 /* Rock Paper Scissors.app */;
			productType = "com.apple.product-type.application";
		};
/* End PBXNativeTarget section */

/* Begin PBXProject section */
		D5028CBF1D33D71100CD03B3 /* Project object */ = {
			isa = PBXProject;
			attributes = {
				LastSwiftUpdateCheck = 0730;
				LastUpgradeCheck = 0730;
				ORGANIZATIONNAME = Italyte;
				TargetAttributes = {
					D5028CC61D33D71100CD03B3 = {
						CreatedOnToolsVersion = 7.3.1;
					};
				};
			};
			buildConfigurationList = D5028CC21D33D71100CD03B3 /* Build configuration list for PBXProject "Rock Paper Scissors" */;
			compatibilityVersion = "Xcode 3.2";
			developmentRegion = English;
			hasScannedForEncodings = 0;
			knownRegions = (
				en,
				Base,
			);
			mainGroup = D5028CBE1D33D71100CD03B3;
			productRefGroup = D5028CC81D33D71100CD03B3 /* Products */;
			projectDirPath = "";
			projectRoot = "";
			targets = (
				D5028CC61D33D71100CD03B3 /* Rock Paper Scissors */,
			);
		};
/* End PBXProject section */

/* Begin PBXResourcesBuildPhase section */
		D5028CC51D33D71100CD03B3 /* Resources */ = {
			isa = PBXResourcesBuildPhase;
			buildActionMask = 2147483647;
			files = (
				D5028CD51D33D71200CD03B3 /* LaunchScreen.storyboard in Resources */,
				D5028CD21D33D71200CD03B3 /* Assets.xcassets in Resources */,
				D5028CD01D33D71200CD03B3 /* Main.storyboard in Resources */,
				D5028CDF1D33EAC900CD03B3 /* polkaDots.jpeg in Resources */,
			);
			runOnlyForDeploymentPostprocessing = 0;
		};
/* End PBXResourcesBuildPhase section */

/* Begin PBXSourcesBuildPhase section */
		D5028CC31D33D71100CD03B3 /* Sources */ = {
			isa = PBXSourcesBuildPhase;
			buildActionMask = 2147483647;
			files = (
				D5028CCD1D33D71200CD03B3 /* ViewController.swift in Sources */,
				D5028CCB1D33D71100CD03B3 /* AppDelegate.swift in Sources */,
			);
			runOnlyForDeploymentPostprocessing = 0;
		};
/* End PBXSourcesBuildPhase section */

/* Begin PBXVariantGroup section */
		D5028CCE1D33D71200CD03B3 /* Main.storyboard */ = {
			isa = PBXVariantGroup;
			children = (
				D5028CCF1D33D71200CD03B3 /* Base */,
			);
			name = Main.storyboard;
			sourceTree = "<group>";
		};
		D5028CD31D33D71200CD03B3 /* LaunchScreen.storyboard */ = {
			isa = PBXVariantGroup;
			children = (
				D5028CD41D33D71200CD03B3 /* Base */,
			);
			name = LaunchScreen.storyboard;
			sourceTree = "<group>";
		};
/* End PBXVariantGroup section */

/* Begin XCBuildConfiguration section */
		D5028CD71D33D71200CD03B3 /* Debug */ = {
			isa = XCBuildConfiguration;
			buildSettings = {
				ALWAYS_SEARCH_USER_PATHS = NO;
				CLANG_ANALYZER_NONNULL = YES;
				CLANG_CXX_LANGUAGE_STANDARD = "gnu++0x";
				CLANG_CXX_LIBRARY = "libc++";
				CLANG_ENABLE_MODULES = YES;
				CLANG_ENABLE_OBJC_ARC = YES;
				CLANG_WARN_BOOL_CONVERSION = YES;
				CLANG_WARN_CONSTANT_CONVERSION = YES;
				CLANG_WARN_DIRECT_OBJC_ISA_USAGE = YES_ERROR;
				CLANG_WARN_EMPTY_BODY = YES;
				CLANG_WARN_ENUM_CONVERSION = YES;
				CLANG_WARN_INT_CONVERSION = YES;
				CLANG_WARN_OBJC_ROOT_CLASS = YES_ERROR;
				CLANG_WARN_UNREACHABLE_CODE = YES;
				CLANG_WARN__DUPLICATE_METHOD_MATCH = YES;
				"CODE_SIGN_IDENTITY[sdk=iphoneos*]" = "iPhone Developer";
				COPY_PHASE_STRIP = NO;
				DEBUG_INFORMATION_FORMAT = dwarf;
				ENABLE_STRICT_OBJC_MSGSEND = YES;
				ENABLE_TESTABILITY = YES;
				GCC_C_LANGUAGE_STANDARD = gnu99;
				GCC_DYNAMIC_NO_PIC = NO;
				GCC_NO_COMMON_BLOCKS = YES;
				GCC_OPTIMIZATION_LEVEL = 0;
				GCC_PREPROCESSOR_DEFINITIONS = (
					"DEBUG=1",
					"$(inherited)",
				);
				GCC_WARN_64_TO_32_BIT_CONVERSION = YES;
				GCC_WARN_ABOUT_RETURN_TYPE = YES_ERROR;
				GCC_WARN_UNDECLARED_SELECTOR = YES;
				GCC_WARN_UNINITIALIZED_AUTOS = YES_AGGRESSIVE;
				GCC_WARN_UNUSED_FUNCTION = YES;
				GCC_WARN_UNUSED_VARIABLE = YES;
				IPHONEOS_DEPLOYMENT_TARGET = 9.3;
				MTL_ENABLE_DEBUG_INFO = YES;
				ONLY_ACTIVE_ARCH = YES;
				SDKROOT = iphoneos;
				SWIFT_OPTIMIZATION_LEVEL = "-Onone";
			};
			name = Debug;
		};
		D5028CD81D33D71200CD03B3 /* Release */ = {
			isa = XCBuildConfiguration;
			buildSettings = {
				ALWAYS_SEARCH_USER_PATHS = NO;
				CLANG_ANALYZER_NONNULL = YES;
				CLANG_CXX_LANGUAGE_STANDARD = "gnu++0x";
				CLANG_CXX_LIBRARY = "libc++";
				CLANG_ENABLE_MODULES = YES;
				CLANG_ENABLE_OBJC_ARC = YES;
				CLANG_WARN_BOOL_CONVERSION = YES;
				CLANG_WARN_CONSTANT_CONVERSION = YES;
				CLANG_WARN_DIRECT_OBJC_ISA_USAGE = YES_ERROR;
				CLANG_WARN_EMPTY_BODY = YES;
				CLANG_WARN_ENUM_CONVERSION = YES;
				CLANG_WARN_INT_CONVERSION = YES;
				CLANG_WARN_OBJC_ROOT_CLASS = YES_ERROR;
				CLANG_WARN_UNREACHABLE_CODE = YES;
				CLANG_WARN__DUPLICATE_METHOD_MATCH = YES;
				"CODE_SIGN_IDENTITY[sdk=iphoneos*]" = "iPhone Developer";
				COPY_PHASE_STRIP = NO;
				DEBUG_INFORMATION_FORMAT = "dwarf-with-dsym";
				ENABLE_NS_ASSERTIONS = NO;
				ENABLE_STRICT_OBJC_MSGSEND = YES;
				GCC_C_LANGUAGE_STANDARD = gnu99;
				GCC_NO_COMMON_BLOCKS = YES;
				GCC_WARN_64_TO_32_BIT_CONVERSION = YES;
				GCC_WARN_ABOUT_RETURN_TYPE = YES_ERROR;
				GCC_WARN_UNDECLARED_SELECTOR = YES;
				GCC_WARN_UNINITIALIZED_AUTOS = YES_AGGRESSIVE;
				GCC_WARN_UNUSED_FUNCTION = YES;
				GCC_WARN_UNUSED_VARIABLE = YES;
				IPHONEOS_DEPLOYMENT_TARGET = 9.3;
				MTL_ENABLE_DEBUG_INFO = NO;
				SDKROOT = iphoneos;
				VALIDATE_PRODUCT = YES;
			};
			name = Release;
		};
		D5028CDA1D33D71200CD03B3 /* Debug */ = {
			isa = XCBuildConfiguration;
			buildSettings = {
				ASSETCATALOG_COMPILER_APPICON_NAME = AppIcon;
				INFOPLIST_FILE = "Rock Paper Scissors/Info.plist";
				LD_RUNPATH_SEARCH_PATHS = "$(inherited) @executable_path/Frameworks";
				PRODUCT_BUNDLE_IDENTIFIER = "com.Italyte.Rock-Paper-Scissors";
				PRODUCT_NAME = "$(TARGET_NAME)";
			};
			name = Debug;
		};
		D5028CDB1D33D71200CD03B3 /* Release */ = {
			isa = XCBuildConfiguration;
			buildSettings = {
				ASSETCATALOG_COMPILER_APPICON_NAME = AppIcon;
				INFOPLIST_FILE = "Rock Paper Scissors/Info.plist";
				LD_RUNPATH_SEARCH_PATHS = "$(inherited) @executable_path/Frameworks";
				PRODUCT_BUNDLE_IDENTIFIER = "com.Italyte.Rock-Paper-Scissors";
				PRODUCT_NAME = "$(TARGET_NAME)";
			};
			name = Release;
		};
/* End XCBuildConfiguration section */

/* Begin XCConfigurationList section */
		D5028CC21D33D71100CD03B3 /* Build configuration list for PBXProject "Rock Paper Scissors" */ = {
			isa = XCConfigurationList;
			buildConfigurations = (
				D5028CD71D33D71200CD03B3 /* Debug */,
				D5028CD81D33D71200CD03B3 /* Release */,
			);
			defaultConfigurationIsVisible = 0;
			defaultConfigurationName = Release;
		};
		D5028CD91D33D71200CD03B3 /* Build configuration list for PBXNativeTarget "Rock Paper Scissors" */ = {
			isa = XCConfigurationList;
			buildConfigurations = (
				D5028CDA1D33D71200CD03B3 /* Debug */,
				D5028CDB1D33D71200CD03B3 /* Release */,
			);
			defaultConfigurationIsVisible = 0;
		};
/* End XCConfigurationList section */
	};
	rootObject = D5028CBF1D33D71100CD03B3 /* Project object */;
}
